
Microsoft Visual Studio Solution File, Format Version 12.00
# Visual Studio 15
VisualStudioVersion = 15.0.28010.2046
MinimumVisualStudioVersion = 10.0.40219.1
Project("{FAE04EC0-301F-11D3-BF4B-00C04F79EFBC}") = "Log1.Android", "Log1\Log1.Android\Log1.Android.csproj", "{5E1AD2CE-DB32-4D45-B0C2-676E7D8CA339}"
EndProject
Project("{FAE04EC0-301F-11D3-BF4B-00C04F79EFBC}") = "Log1.iOS", "Log1\Log1.iOS\Log1.iOS.csproj", "{D5A9AF0D-F424-49EF-9E47-079287F03CCE}"
EndProject
Project("{FAE04EC0-301F-11D3-BF4B-00C04F79EFBC}") = "Log1.UWP", "Log1\Log1.UWP\Log1.UWP.csproj", "{5F639D7D-D402-4FEC-A1E1-50105354F614}"
EndProject
Project("{FAE04EC0-301F-11D3-BF4B-00C04F79EFBC}") = "Log1", "Log1\Log1\Log1.csproj", "{B8521CF7-1350-4032-9268-2631AF58D271}"
EndProject
Global
	GlobalSection(SolutionConfigurationPlatforms) = preSolution
		Ad-Hoc|Any CPU = Ad-Hoc|Any CPU
		Ad-Hoc|ARM = Ad-Hoc|ARM
		Ad-Hoc|iPhone = Ad-Hoc|iPhone
		Ad-Hoc|iPhoneSimulator = Ad-Hoc|iPhoneSimulator
		Ad-Hoc|x64 = Ad-Hoc|x64
		Ad-Hoc|x86 = Ad-Hoc|x86
		AppStore|Any CPU = AppStore|Any CPU
		AppStore|ARM = AppStore|ARM
		AppStore|iPhone = AppStore|iPhone
		AppStore|iPhoneSimulator = AppStore|iPhoneSimulator
		AppStore|x64 = AppStore|x64
		AppStore|x86 = AppStore|x86
		Debug|Any CPU = Debug|Any CPU
		Debug|ARM = Debug|ARM
		Debug|iPhone = Debug|iPhone
		Debug|iPhoneSimulator = Debug|iPhoneSimulator
		Debug|x64 = Debug|x64
		Debug|x86 = Debug|x86
		Release|Any CPU = Release|Any CPU
		Release|ARM = Release|ARM
		Release|iPhone = Release|iPhone
		Release|iPhoneSimulator = Release|iPhoneSimulator
		Release|x64 = Release|x64
		Release|x86 = Release|x86
	EndGlobalSection
	GlobalSection(ProjectConfigurationPlatforms) = postSolution
		{5E1AD2CE-DB32-4D45-B0C2-676E7D8CA339}.Ad-Hoc|Any CPU.ActiveCfg = Release|Any CPU
		{5E1AD2CE-DB32-4D45-B0C2-676E7D8CA339}.Ad-Hoc|Any CPU.Build.0 = Release|Any CPU
		{5E1AD2CE-DB32-4D45-B0C2-676E7D8CA339}.Ad-Hoc|Any CPU.Deploy.0 = Release|Any CPU
		{5E1AD2CE-DB32-4D45-B0C2-676E7D8CA339}.Ad-Hoc|ARM.ActiveCfg = Release|Any CPU
		{5E1AD2CE-DB32-4D45-B0C2-676E7D8CA339}.Ad-Hoc|ARM.Build.0 = Release|Any CPU
		{5E1AD2CE-DB32-4D45-B0C2-676E7D8CA339}.Ad-Hoc|ARM.Deploy.0 = Release|Any CPU
		{5E1AD2CE-DB32-4D45-B0C2-676E7D8CA339}.Ad-Hoc|iPhone.ActiveCfg = Release|Any CPU
		{5E1AD2CE-DB32-4D45-B0C2-676E7D8CA339}.Ad-Hoc|iPhone.Build.0 = Release|Any CPU
		{5E1AD2CE-DB32-4D45-B0C2-676E7D8CA339}.Ad-Hoc|iPhone.Deploy.0 = Release|Any CPU
		{5E1AD2CE-DB32-4D45-B0C2-676E7D8CA339}.Ad-Hoc|iPhoneSimulator.ActiveCfg = Release|Any CPU
		{5E1AD2CE-DB32-4D45-B0C2-676E7D8CA339}.Ad-Hoc|iPhoneSimulator.Build.0 = Release|Any CPU
		{5E1AD2CE-DB32-4D45-B0C2-676E7D8CA339}.Ad-Hoc|iPhoneSimulator.Deploy.0 = Release|Any CPU
		{5E1AD2CE-DB32-4D45-B0C2-676E7D8CA339}.Ad-Hoc|x64.ActiveCfg = Release|Any CPU
		{5E1AD2CE-DB32-4D45-B0C2-676E7D8CA339}.Ad-Hoc|x64.Build.0 = Release|Any CPU
		{5E1AD2CE-DB32-4D45-B0C2-676E7D8CA339}.Ad-Hoc|x64.Deploy.0 = Release|Any CPU
		{5E1AD2CE-DB32-4D45-B0C2-676E7D8CA339}.Ad-Hoc|x86.ActiveCfg = Release|Any CPU
		{5E1AD2CE-DB32-4D45-B0C2-676E7D8CA339}.Ad-Hoc|x86.Build.0 = Release|Any CPU
		{5E1AD2CE-DB32-4D45-B0C2-676E7D8CA339}.Ad-Hoc|x86.Deploy.0 = Release|Any CPU
		{5E1AD2CE-DB32-4D45-B0C2-676E7D8CA339}.AppStore|Any CPU.ActiveCfg = Release|Any CPU
		{5E1AD2CE-DB32-4D45-B0C2-676E7D8CA339}.AppStore|Any CPU.Build.0 = Release|Any CPU
		{5E1AD2CE-DB32-4D45-B0C2-676E7D8CA339}.AppStore|Any CPU.Deploy.0 = Release|Any CPU
		{5E1AD2CE-DB32-4D45-B0C2-676E7D8CA339}.AppStore|ARM.ActiveCfg = Release|Any CPU
		{5E1AD2CE-DB32-4D45-B0C2-676E7D8CA339}.AppStore|ARM.Build.0 = Release|Any CPU
		{5E1AD2CE-DB32-4D45-B0C2-676E7D8CA339}.AppStore|ARM.Deploy.0 = Release|Any CPU
		{5E1AD2CE-DB32-4D45-B0C2-676E7D8CA339}.AppStore|iPhone.ActiveCfg = Release|Any CPU
		{5E1AD2CE-DB32-4D45-B0C2-676E7D8CA339}.AppStore|iPhone.Build.0 = Release|Any CPU
		{5E1AD2CE-DB32-4D45-B0C2-676E7D8CA339}.AppStore|iPhone.Deploy.0 = Release|Any CPU
		{5E1AD2CE-DB32-4D45-B0C2-676E7D8CA339}.AppStore|iPhoneSimulator.ActiveCfg = Release|Any CPU
		{5E1AD2CE-DB32-4D45-B0C2-676E7D8CA339}.AppStore|iPhoneSimulator.Build.0 = Release|Any CPU
		{5E1AD2CE-DB32-4D45-B0C2-676E7D8CA339}.AppStore|iPhoneSimulator.Deploy.0 = Release|Any CPU
		{5E1AD2CE-DB32-4D45-B0C2-676E7D8CA339}.AppStore|x64.ActiveCfg = Release|Any CPU
		{5E1AD2CE-DB32-4D45-B0C2-676E7D8CA339}.AppStore|x64.Build.0 = Release|Any CPU
		{5E1AD2CE-DB32-4D45-B0C2-676E7D8CA339}.AppStore|x64.Deploy.0 = Release|Any CPU
		{5E1AD2CE-DB32-4D45-B0C2-676E7D8CA339}.AppStore|x86.ActiveCfg = Release|Any CPU
		{5E1AD2CE-DB32-4D45-B0C2-676E7D8CA339}.AppStore|x86.Build.0 = Release|Any CPU
		{5E1AD2CE-DB32-4D45-B0C2-676E7D8CA339}.AppStore|x86.Deploy.0 = Release|Any CPU
		{5E1AD2CE-DB32-4D45-B0C2-676E7D8CA339}.Debug|Any CPU.ActiveCfg = Debug|Any CPU
		{5E1AD2CE-DB32-4D45-B0C2-676E7D8CA339}.Debug|Any CPU.Build.0 = Debug|Any CPU
		{5E1AD2CE-DB32-4D45-B0C2-676E7D8CA339}.Debug|Any CPU.Deploy.0 = Debug|Any CPU
		{5E1AD2CE-DB32-4D45-B0C2-676E7D8CA339}.Debug|ARM.ActiveCfg = Debug|Any CPU
		{5E1AD2CE-DB32-4D45-B0C2-676E7D8CA339}.Debug|ARM.Build.0 = Debug|Any CPU
		{5E1AD2CE-DB32-4D45-B0C2-676E7D8CA339}.Debug|ARM.Deploy.0 = Debug|Any CPU
		{5E1AD2CE-DB32-4D45-B0C2-676E7D8CA339}.Debug|iPhone.ActiveCfg = Debug|Any CPU
		{5E1AD2CE-DB32-4D45-B0C2-676E7D8CA339}.Debug|iPhone.Build.0 = Debug|Any CPU
		{5E1AD2CE-DB32-4D45-B0C2-676E7D8CA339}.Debug|iPhone.Deploy.0 = Debug|Any CPU
		{5E1AD2CE-DB32-4D45-B0C2-676E7D8CA339}.Debug|iPhoneSimulator.ActiveCfg = Debug|Any CPU
		{5E1AD2CE-DB32-4D45-B0C2-676E7D8CA339}.Debug|iPhoneSimulator.Build.0 = Debug|Any CPU
		{5E1AD2CE-DB32-4D45-B0C2-676E7D8CA339}.Debug|iPhoneSimulator.Deploy.0 = Debug|Any CPU
		{5E1AD2CE-DB32-4D45-B0C2-676E7D8CA339}.Debug|x64.ActiveCfg = Debug|Any CPU
		{5E1AD2CE-DB32-4D45-B0C2-676E7D8CA339}.Debug|x64.Build.0 = Debug|Any CPU
		{5E1AD2CE-DB32-4D45-B0C2-676E7D8CA339}.Debug|x64.Deploy.0 = Debug|Any CPU
		{5E1AD2CE-DB32-4D45-B0C2-676E7D8CA339}.Debug|x86.ActiveCfg = Debug|Any CPU
		{5E1AD2CE-DB32-4D45-B0C2-676E7D8CA339}.Debug|x86.Build.0 = Debug|Any CPU
		{5E1AD2CE-DB32-4D45-B0C2-676E7D8CA339}.Debug|x86.Deploy.0 = Debug|Any CPU
		{5E1AD2CE-DB32-4D45-B0C2-676E7D8CA339}.Release|Any CPU.ActiveCfg = Release|Any CPU
		{5E1AD2CE-DB32-4D45-B0C2-676E7D8CA339}.Release|Any CPU.Build.0 = Release|Any CPU
		{5E1AD2CE-DB32-4D45-B0C2-676E7D8CA339}.Release|Any CPU.Deploy.0 = Release|Any CPU
		{5E1AD2CE-DB32-4D45-B0C2-676E7D8CA339}.Release|ARM.ActiveCfg = Release|Any CPU
		{5E1AD2CE-DB32-4D45-B0C2-676E7D8CA339}.Release|ARM.Build.0 = Release|Any CPU
		{5E1AD2CE-DB32-4D45-B0C2-676E7D8CA339}.Release|ARM.Deploy.0 = Release|Any CPU
		{5E1AD2CE-DB32-4D45-B0C2-676E7D8CA339}.Release|iPhone.ActiveCfg = Release|Any CPU
		{5E1AD2CE-DB32-4D45-B0C2-676E7D8CA339}.Release|iPhone.Build.0 = Release|Any CPU
		{5E1AD2CE-DB32-4D45-B0C2-676E7D8CA339}.Release|iPhone.Deploy.0 = Release|Any CPU
		{5E1AD2CE-DB32-4D45-B0C2-676E7D8CA339}.Release|iPhoneSimulator.ActiveCfg = Release|Any CPU
		{5E1AD2CE-DB32-4D45-B0C2-676E7D8CA339}.Release|iPhoneSimulator.Build.0 = Release|Any CPU
		{5E1AD2CE-DB32-4D45-B0C2-676E7D8CA339}.Release|iPhoneSimulator.Deploy.0 = Release|Any CPU
		{5E1AD2CE-DB32-4D45-B0C2-676E7D8CA339}.Release|x64.ActiveCfg = Release|Any CPU
		{5E1AD2CE-DB32-4D45-B0C2-676E7D8CA339}.Release|x64.Build.0 = Release|Any CPU
		{5E1AD2CE-DB32-4D45-B0C2-676E7D8CA339}.Release|x64.Deploy.0 = Release|Any CPU
		{5E1AD2CE-DB32-4D45-B0C2-676E7D8CA339}.Release|x86.ActiveCfg = Release|Any CPU
		{5E1AD2CE-DB32-4D45-B0C2-676E7D8CA339}.Release|x86.Build.0 = Release|Any CPU
		{5E1AD2CE-DB32-4D45-B0C2-676E7D8CA339}.Release|x86.Deploy.0 = Release|Any CPU
		{D5A9AF0D-F424-49EF-9E47-079287F03CCE}.Ad-Hoc|Any CPU.ActiveCfg = Ad-Hoc|iPhone
		{D5A9AF0D-F424-49EF-9E47-079287F03CCE}.Ad-Hoc|Any CPU.Build.0 = Ad-Hoc|iPhone
		{D5A9AF0D-F424-49EF-9E47-079287F03CCE}.Ad-Hoc|Any CPU.Deploy.0 = Ad-Hoc|iPhone
		{D5A9AF0D-F424-49EF-9E47-079287F03CCE}.Ad-Hoc|ARM.ActiveCfg = Ad-Hoc|iPhone
		{D5A9AF0D-F424-49EF-9E47-079287F03CCE}.Ad-Hoc|ARM.Build.0 = Ad-Hoc|iPhone
		{D5A9AF0D-F424-49EF-9E47-079287F03CCE}.Ad-Hoc|ARM.Deploy.0 = Ad-Hoc|iPhone
		{D5A9AF0D-F424-49EF-9E47-079287F03CCE}.Ad-Hoc|iPhone.ActiveCfg = Ad-Hoc|iPhone
		{D5A9AF0D-F424-49EF-9E47-079287F03CCE}.Ad-Hoc|iPhone.Build.0 = Ad-Hoc|iPhone
		{D5A9AF0D-F424-49EF-9E47-079287F03CCE}.Ad-Hoc|iPhone.Deploy.0 = Ad-Hoc|iPhone
		{D5A9AF0D-F424-49EF-9E47-079287F03CCE}.Ad-Hoc|iPhoneSimulator.ActiveCfg = Ad-Hoc|iPhoneSimulator
		{D5A9AF0D-F424-49EF-9E47-079287F03CCE}.Ad-Hoc|iPhoneSimulator.Build.0 = Ad-Hoc|iPhoneSimulator
		{D5A9AF0D-F424-49EF-9E47-079287F03CCE}.Ad-Hoc|iPhoneSimulator.Deploy.0 = Ad-Hoc|iPhoneSimulator
		{D5A9AF0D-F424-49EF-9E47-079287F03CCE}.Ad-Hoc|x64.ActiveCfg = Ad-Hoc|iPhone
		{D5A9AF0D-F424-49EF-9E47-079287F03CCE}.Ad-Hoc|x64.Build.0 = Ad-Hoc|iPhone
		{D5A9AF0D-F424-49EF-9E47-079287F03CCE}.Ad-Hoc|x64.Deploy.0 = Ad-Hoc|iPhone
		{D5A9AF0D-F424-49EF-9E47-079287F03CCE}.Ad-Hoc|x86.ActiveCfg = Ad-Hoc|iPhone
		{D5A9AF0D-F424-49EF-9E47-079287F03CCE}.Ad-Hoc|x86.Build.0 = Ad-Hoc|iPhone
		{D5A9AF0D-F424-49EF-9E47-079287F03CCE}.Ad-Hoc|x86.Deploy.0 = Ad-Hoc|iPhone
		{D5A9AF0D-F424-49EF-9E47-079287F03CCE}.AppStore|Any CPU.ActiveCfg = AppStore|iPhone
		{D5A9AF0D-F424-49EF-9E47-079287F03CCE}.AppStore|Any CPU.Build.0 = AppStore|iPhone
		{D5A9AF0D-F424-49EF-9E47-079287F03CCE}.AppStore|Any CPU.Deploy.0 = AppStore|iPhone
		{D5A9AF0D-F424-49EF-9E47-079287F03CCE}.AppStore|ARM.ActiveCfg = AppStore|iPhone
		{D5A9AF0D-F424-49EF-9E47-079287F03CCE}.AppStore|ARM.Build.0 = AppStore|iPhone
		{D5A9AF0D-F424-49EF-9E47-079287F03CCE}.AppStore|ARM.Deploy.0 = AppStore|iPhone
		{D5A9AF0D-F424-49EF-9E47-079287F03CCE}.AppStore|iPhone.ActiveCfg = AppStore|iPhone
		{D5A9AF0D-F424-49EF-9E47-079287F03CCE}.AppStore|iPhone.Build.0 = AppStore|iPhone
		{D5A9AF0D-F424-49EF-9E47-079287F03CCE}.AppStore|iPhone.Deploy.0 = AppStore|iPhone
		{D5A9AF0D-F424-49EF-9E47-079287F03CCE}.AppStore|iPhoneSimulator.ActiveCfg = AppStore|iPhoneSimulator
		{D5A9AF0D-F424-49EF-9E47-079287F03CCE}.AppStore|iPhoneSimulator.Build.0 = AppStore|iPhoneSimulator
		{D5A9AF0D-F424-49EF-9E47-079287F03CCE}.AppStore|iPhoneSimulator.Deploy.0 = AppStore|iPhoneSimulator
		{D5A9AF0D-F424-49EF-9E47-079287F03CCE}.AppStore|x64.ActiveCfg = AppStore|iPhone
		{D5A9AF0D-F424-49EF-9E47-079287F03CCE}.AppStore|x64.Build.0 = AppStore|iPhone
		{D5A9AF0D-F424-49EF-9E47-079287F03CCE}.AppStore|x64.Deploy.0 = AppStore|iPhone
		{D5A9AF0D-F424-49EF-9E47-079287F03CCE}.AppStore|x86.ActiveCfg = AppStore|iPhone
		{D5A9AF0D-F424-49EF-9E47-079287F03CCE}.AppStore|x86.Build.0 = AppStore|iPhone
		{D5A9AF0D-F424-49EF-9E47-079287F03CCE}.AppStore|x86.Deploy.0 = AppStore|iPhone
		{D5A9AF0D-F424-49EF-9E47-079287F03CCE}.Debug|Any CPU.ActiveCfg = Debug|iPhoneSimulator
		{D5A9AF0D-F424-49EF-9E47-079287F03CCE}.Debug|Any CPU.Build.0 = Debug|iPhoneSimulator
		{D5A9AF0D-F424-49EF-9E47-079287F03CCE}.Debug|Any CPU.Deploy.0 = Debug|iPhoneSimulator
		{D5A9AF0D-F424-49EF-9E47-079287F03CCE}.Debug|ARM.ActiveCfg = Debug|iPhone
		{D5A9AF0D-F424-49EF-9E47-079287F03CCE}.Debug|ARM.Build.0 = Debug|iPhone
		{D5A9AF0D-F424-49EF-9E47-079287F03CCE}.Debug|ARM.Deploy.0 = Debug|iPhone
		{D5A9AF0D-F424-49EF-9E47-079287F03CCE}.Debug|iPhone.ActiveCfg = Debug|iPhone
		{D5A9AF0D-F424-49EF-9E47-079287F03CCE}.Debug|iPhone.Build.0 = Debug|iPhone
		{D5A9AF0D-F424-49EF-9E47-079287F03CCE}.Debug|iPhone.Deploy.0 = Debug|iPhone
		{D5A9AF0D-F424-49EF-9E47-079287F03CCE}.Debug|iPhoneSimulator.ActiveCfg = Debug|iPhoneSimulator
		{D5A9AF0D-F424-49EF-9E47-079287F03CCE}.Debug|iPhoneSimulator.Build.0 = Debug|iPhoneSimulator
		{D5A9AF0D-F424-49EF-9E47-079287F03CCE}.Debug|iPhoneSimulator.Deploy.0 = Debug|iPhoneSimulator
		{D5A9AF0D-F424-49EF-9E47-079287F03CCE}.Debug|x64.ActiveCfg = Debug|iPhone
		{D5A9AF0D-F424-49EF-9E47-079287F03CCE}.Debug|x64.Build.0 = Debug|iPhone
		{D5A9AF0D-F424-49EF-9E47-079287F03CCE}.Debug|x64.Deploy.0 = Debug|iPhone
		{D5A9AF0D-F424-49EF-9E47-079287F03CCE}.Debug|x86.ActiveCfg = Debug|iPhone
		{D5A9AF0D-F424-49EF-9E47-079287F03CCE}.Debug|x86.Build.0 = Debug|iPhone
		{D5A9AF0D-F424-49EF-9E47-079287F03CCE}.Debug|x86.Deploy.0 = Debug|iPhone
		{D5A9AF0D-F424-49EF-9E47-079287F03CCE}.Release|Any CPU.ActiveCfg = Release|iPhone
		{D5A9AF0D-F424-49EF-9E47-079287F03CCE}.Release|Any CPU.Build.0 = Release|iPhone
		{D5A9AF0D-F424-49EF-9E47-079287F03CCE}.Release|Any CPU.Deploy.0 = Release|iPhone
		{D5A9AF0D-F424-49EF-9E47-079287F03CCE}.Release|ARM.ActiveCfg = Release|iPhone
		{D5A9AF0D-F424-49EF-9E47-079287F03CCE}.Release|ARM.Build.0 = Release|iPhone
		{D5A9AF0D-F424-49EF-9E47-079287F03CCE}.Release|ARM.Deploy.0 = Release|iPhone
		{D5A9AF0D-F424-49EF-9E47-079287F03CCE}.Release|iPhone.ActiveCfg = Release|iPhone
		{D5A9AF0D-F424-49EF-9E47-079287F03CCE}.Release|iPhone.Build.0 = Release|iPhone
		{D5A9AF0D-F424-49EF-9E47-079287F03CCE}.Release|iPhone.Deploy.0 = Release|iPhone
		{D5A9AF0D-F424-49EF-9E47-079287F03CCE}.Release|iPhoneSimulator.ActiveCfg = Release|iPhoneSimulator
		{D5A9AF0D-F424-49EF-9E47-079287F03CCE}.Release|iPhoneSimulator.Build.0 = Release|iPhoneSimulator
		{D5A9AF0D-F424-49EF-9E47-079287F03CCE}.Release|iPhoneSimulator.Deploy.0 = Release|iPhoneSimulator
		{D5A9AF0D-F424-49EF-9E47-079287F03CCE}.Release|x64.ActiveCfg = Release|iPhone
		{D5A9AF0D-F424-49EF-9E47-079287F03CCE}.Release|x64.Build.0 = Release|iPhone
		{D5A9AF0D-F424-49EF-9E47-079287F03CCE}.Release|x64.Deploy.0 = Release|iPhone
		{D5A9AF0D-F424-49EF-9E47-079287F03CCE}.Release|x86.ActiveCfg = Release|iPhone
		{D5A9AF0D-F424-49EF-9E47-079287F03CCE}.Release|x86.Build.0 = Release|iPhone
		{D5A9AF0D-F424-49EF-9E47-079287F03CCE}.Release|x86.Deploy.0 = Release|iPhone
		{5F639D7D-D402-4FEC-A1E1-50105354F614}.Ad-Hoc|Any CPU.ActiveCfg = Release|x86
		{5F639D7D-D402-4FEC-A1E1-50105354F614}.Ad-Hoc|Any CPU.Build.0 = Release|x86
		{5F639D7D-D402-4FEC-A1E1-50105354F614}.Ad-Hoc|Any CPU.Deploy.0 = Release|x86
		{5F639D7D-D402-4FEC-A1E1-50105354F614}.Ad-Hoc|ARM.ActiveCfg = Release|ARM
		{5F639D7D-D402-4FEC-A1E1-50105354F614}.Ad-Hoc|ARM.Build.0 = Release|ARM
		{5F639D7D-D402-4FEC-A1E1-50105354F614}.Ad-Hoc|ARM.Deploy.0 = Release|ARM
		{5F639D7D-D402-4FEC-A1E1-50105354F614}.Ad-Hoc|iPhone.ActiveCfg = Release|x86
		{5F639D7D-D402-4FEC-A1E1-50105354F614}.Ad-Hoc|iPhone.Build.0 = Release|x86
		{5F639D7D-D402-4FEC-A1E1-50105354F614}.Ad-Hoc|iPhone.Deploy.0 = Release|x86
		{5F639D7D-D402-4FEC-A1E1-50105354F614}.Ad-Hoc|iPhoneSimulator.ActiveCfg = Release|x86
		{5F639D7D-D402-4FEC-A1E1-50105354F614}.Ad-Hoc|iPhoneSimulator.Build.0 = Release|x86
		{5F639D7D-D402-4FEC-A1E1-50105354F614}.Ad-Hoc|iPhoneSimulator.Deploy.0 = Release|x86
		{5F639D7D-D402-4FEC-A1E1-50105354F614}.Ad-Hoc|x64.ActiveCfg = Release|x64
		{5F639D7D-D402-4FEC-A1E1-50105354F614}.Ad-Hoc|x64.Build.0 = Release|x64
		{5F639D7D-D402-4FEC-A1E1-50105354F614}.Ad-Hoc|x64.Deploy.0 = Release|x64
		{5F639D7D-D402-4FEC-A1E1-50105354F614}.Ad-Hoc|x86.ActiveCfg = Release|x86
		{5F639D7D-D402-4FEC-A1E1-50105354F614}.Ad-Hoc|x86.Build.0 = Release|x86
		{5F639D7D-D402-4FEC-A1E1-50105354F614}.Ad-Hoc|x86.Deploy.0 = Release|x86
		{5F639D7D-D402-4FEC-A1E1-50105354F614}.AppStore|Any CPU.ActiveCfg = Release|x86
		{5F639D7D-D402-4FEC-A1E1-50105354F614}.AppStore|Any CPU.Build.0 = Release|x86
		{5F639D7D-D402-4FEC-A1E1-50105354F614}.AppStore|Any CPU.Deploy.0 = Release|x86
		{5F639D7D-D402-4FEC-A1E1-50105354F614}.AppStore|ARM.ActiveCfg = Release|ARM
		{5F639D7D-D402-4FEC-A1E1-50105354F614}.AppStore|ARM.Build.0 = Release|ARM
		{5F639D7D-D402-4FEC-A1E1-50105354F614}.AppStore|ARM.Deploy.0 = Release|ARM
		{5F639D7D-D402-4FEC-A1E1-50105354F614}.AppStore|iPhone.ActiveCfg = Release|x86
		{5F639D7D-D402-4FEC-A1E1-50105354F614}.AppStore|iPhone.Build.0 = Release|x86
		{5F639D7D-D402-4FEC-A1E1-50105354F614}.AppStore|iPhone.Deploy.0 = Release|x86
		{5F639D7D-D402-4FEC-A1E1-50105354F614}.AppStore|iPhoneSimulator.ActiveCfg = Release|x86
		{5F639D7D-D402-4FEC-A1E1-50105354F614}.AppStore|iPhoneSimulator.Build.0 = Release|x86
		{5F639D7D-D402-4FEC-A1E1-50105354F614}.AppStore|iPhoneSimulator.Deploy.0 = Release|x86
		{5F639D7D-D402-4FEC-A1E1-50105354F614}.AppStore|x64.ActiveCfg = Release|x64
		{5F639D7D-D402-4FEC-A1E1-50105354F614}.AppStore|x64.Build.0 = Release|x64
		{5F639D7D-D402-4FEC-A1E1-50105354F614}.AppStore|x64.Deploy.0 = Release|x64
		{5F639D7D-D402-4FEC-A1E1-50105354F614}.AppStore|x86.ActiveCfg = Release|x86
		{5F639D7D-D402-4FEC-A1E1-50105354F614}.AppStore|x86.Build.0 = Release|x86
		{5F639D7D-D402-4FEC-A1E1-50105354F614}.AppStore|x86.Deploy.0 = Release|x86
		{5F639D7D-D402-4FEC-A1E1-50105354F614}.Debug|Any CPU.ActiveCfg = Debug|x86
		{5F639D7D-D402-4FEC-A1E1-50105354F614}.Debug|Any CPU.Build.0 = Debug|x86
		{5F639D7D-D402-4FEC-A1E1-50105354F614}.Debug|Any CPU.Deploy.0 = Debug|x86
		{5F639D7D-D402-4FEC-A1E1-50105354F614}.Debug|ARM.ActiveCfg = Debug|ARM
		{5F639D7D-D402-4FEC-A1E1-50105354F614}.Debug|ARM.Build.0 = Debug|ARM
		{5F639D7D-D402-4FEC-A1E1-50105354F614}.Debug|ARM.Deploy.0 = Debug|ARM
		{5F639D7D-D402-4FEC-A1E1-50105354F614}.Debug|iPhone.ActiveCfg = Debug|x86
		{5F639D7D-D402-4FEC-A1E1-50105354F614}.Debug|iPhone.Build.0 = Debug|x86
		{5F639D7D-D402-4FEC-A1E1-50105354F614}.Debug|iPhone.Deploy.0 = Debug|x86
		{5F639D7D-D402-4FEC-A1E1-50105354F614}.Debug|iPhoneSimulator.ActiveCfg = Debug|x86
		{5F639D7D-D402-4FEC-A1E1-50105354F614}.Debug|iPhoneSimulator.Build.0 = Debug|x86
		{5F639D7D-D402-4FEC-A1E1-50105354F614}.Debug|iPhoneSimulator.Deploy.0 = Debug|x86
		{5F639D7D-D402-4FEC-A1E1-50105354F614}.Debug|x64.ActiveCfg = Debug|x64
		{5F639D7D-D402-4FEC-A1E1-50105354F614}.Debug|x64.Build.0 = Debug|x64
		{5F639D7D-D402-4FEC-A1E1-50105354F614}.Debug|x64.Deploy.0 = Debug|x64
		{5F639D7D-D402-4FEC-A1E1-50105354F614}.Debug|x86.ActiveCfg = Debug|x86
		{5F639D7D-D402-4FEC-A1E1-50105354F614}.Debug|x86.Build.0 = Debug|x86
		{5F639D7D-D402-4FEC-A1E1-50105354F614}.Debug|x86.Deploy.0 = Debug|x86
		{5F639D7D-D402-4FEC-A1E1-50105354F614}.Release|Any CPU.ActiveCfg = Release|x86
		{5F639D7D-D402-4FEC-A1E1-50105354F614}.Release|Any CPU.Build.0 = Release|x86
		{5F639D7D-D402-4FEC-A1E1-50105354F614}.Release|Any CPU.Deploy.0 = Release|x86
		{5F639D7D-D402-4FEC-A1E1-50105354F614}.Release|ARM.ActiveCfg = Release|ARM
		{5F639D7D-D402-4FEC-A1E1-50105354F614}.Release|ARM.Build.0 = Release|ARM
		{5F639D7D-D402-4FEC-A1E1-50105354F614}.Release|ARM.Deploy.0 = Release|ARM
		{5F639D7D-D402-4FEC-A1E1-50105354F614}.Release|iPhone.ActiveCfg = Release|x86
		{5F639D7D-D402-4FEC-A1E1-50105354F614}.Release|iPhone.Build.0 = Release|x86
		{5F639D7D-D402-4FEC-A1E1-50105354F614}.Release|iPhone.Deploy.0 = Release|x86
		{5F639D7D-D402-4FEC-A1E1-50105354F614}.Release|iPhoneSimulator.ActiveCfg = Release|x86
		{5F639D7D-D402-4FEC-A1E1-50105354F614}.Release|iPhoneSimulator.Build.0 = Release|x86
		{5F639D7D-D402-4FEC-A1E1-50105354F614}.Release|iPhoneSimulator.Deploy.0 = Release|x86
		{5F639D7D-D402-4FEC-A1E1-50105354F614}.Release|x64.ActiveCfg = Release|x64
		{5F639D7D-D402-4FEC-A1E1-50105354F614}.Release|x64.Build.0 = Release|x64
		{5F639D7D-D402-4FEC-A1E1-50105354F614}.Release|x64.Deploy.0 = Release|x64
		{5F639D7D-D402-4FEC-A1E1-50105354F614}.Release|x86.ActiveCfg = Release|x86
		{5F639D7D-D402-4FEC-A1E1-50105354F614}.Release|x86.Build.0 = Release|x86
		{5F639D7D-D402-4FEC-A1E1-50105354F614}.Release|x86.Deploy.0 = Release|x86
		{B8521CF7-1350-4032-9268-2631AF58D271}.Ad-Hoc|Any CPU.ActiveCfg = Debug|Any CPU
		{B8521CF7-1350-4032-9268-2631AF58D271}.Ad-Hoc|Any CPU.Build.0 = Debug|Any CPU
		{B8521CF7-1350-4032-9268-2631AF58D271}.Ad-Hoc|Any CPU.Deploy.0 = Debug|Any CPU
		{B8521CF7-1350-4032-9268-2631AF58D271}.Ad-Hoc|ARM.ActiveCfg = Debug|Any CPU
		{B8521CF7-1350-4032-9268-2631AF58D271}.Ad-Hoc|ARM.Build.0 = Debug|Any CPU
		{B8521CF7-1350-4032-9268-2631AF58D271}.Ad-Hoc|ARM.Deploy.0 = Debug|Any CPU
		{B8521CF7-1350-4032-9268-2631AF58D271}.Ad-Hoc|iPhone.ActiveCfg = Debug|Any CPU
		{B8521CF7-1350-4032-9268-2631AF58D271}.Ad-Hoc|iPhone.Build.0 = Debug|Any CPU
		{B8521CF7-1350-4032-9268-2631AF58D271}.Ad-Hoc|iPhone.Deploy.0 = Debug|Any CPU
		{B8521CF7-1350-4032-9268-2631AF58D271}.Ad-Hoc|iPhoneSimulator.ActiveCfg = Debug|Any CPU
		{B8521CF7-1350-4032-9268-2631AF58D271}.Ad-Hoc|iPhoneSimulator.Build.0 = Debug|Any CPU
		{B8521CF7-1350-4032-9268-2631AF58D271}.Ad-Hoc|iPhoneSimulator.Deploy.0 = Debug|Any CPU
		{B8521CF7-1350-4032-9268-2631AF58D271}.Ad-Hoc|x64.ActiveCfg = Debug|Any CPU
		{B8521CF7-1350-4032-9268-2631AF58D271}.Ad-Hoc|x64.Build.0 = Debug|Any CPU
		{B8521CF7-1350-4032-9268-2631AF58D271}.Ad-Hoc|x64.Deploy.0 = Debug|Any CPU
		{B8521CF7-1350-4032-9268-2631AF58D271}.Ad-Hoc|x86.ActiveCfg = Debug|Any CPU
		{B8521CF7-1350-4032-9268-2631AF58D271}.Ad-Hoc|x86.Build.0 = Debug|Any CPU
		{B8521CF7-1350-4032-9268-2631AF58D271}.Ad-Hoc|x86.Deploy.0 = Debug|Any CPU
		{B8521CF7-1350-4032-9268-2631AF58D271}.AppStore|Any CPU.ActiveCfg = Debug|Any CPU
		{B8521CF7-1350-4032-9268-2631AF58D271}.AppStore|Any CPU.Build.0 = Debug|Any CPU
		{B8521CF7-1350-4032-9268-2631AF58D271}.AppStore|Any CPU.Deploy.0 = Debug|Any CPU
		{B8521CF7-1350-4032-9268-2631AF58D271}.AppStore|ARM.ActiveCfg = Debug|Any CPU
		{B8521CF7-1350-4032-9268-2631AF58D271}.AppStore|ARM.Build.0 = Debug|Any CPU
		{B8521CF7-1350-4032-9268-2631AF58D271}.AppStore|ARM.Deploy.0 = Debug|Any CPU
		{B8521CF7-1350-4032-9268-2631AF58D271}.AppStore|iPhone.ActiveCfg = Debug|Any CPU
		{B8521CF7-1350-4032-9268-2631AF58D271}.AppStore|iPhone.Build.0 = Debug|Any CPU
		{B8521CF7-1350-4032-9268-2631AF58D271}.AppStore|iPhone.Deploy.0 = Debug|Any CPU
		{B8521CF7-1350-4032-9268-2631AF58D271}.AppStore|iPhoneSimulator.ActiveCfg = Debug|Any CPU
		{B8521CF7-1350-4032-9268-2631AF58D271}.AppStore|iPhoneSimulator.Build.0 = Debug|Any CPU
		{B8521CF7-1350-4032-9268-2631AF58D271}.AppStore|iPhoneSimulator.Deploy.0 = Debug|Any CPU
		{B8521CF7-1350-4032-9268-2631AF58D271}.AppStore|x64.ActiveCfg = Debug|Any CPU
		{B8521CF7-1350-4032-9268-2631AF58D271}.AppStore|x64.Build.0 = Debug|Any CPU
		{B8521CF7-1350-4032-9268-2631AF58D271}.AppStore|x64.Deploy.0 = Debug|Any CPU
		{B8521CF7-1350-4032-9268-2631AF58D271}.AppStore|x86.ActiveCfg = Debug|Any CPU
		{B8521CF7-1350-4032-9268-2631AF58D271}.AppStore|x86.Build.0 = Debug|Any CPU
		{B8521CF7-1350-4032-9268-2631AF58D271}.AppStore|x86.Deploy.0 = Debug|Any CPU
		{B8521CF7-1350-4032-9268-2631AF58D271}.Debug|Any CPU.ActiveCfg = Debug|Any CPU
		{B8521CF7-1350-4032-9268-2631AF58D271}.Debug|Any CPU.Build.0 = Debug|Any CPU
		{B8521CF7-1350-4032-9268-2631AF58D271}.Debug|Any CPU.Deploy.0 = Debug|Any CPU
		{B8521CF7-1350-4032-9268-2631AF58D271}.Debug|ARM.ActiveCfg = Debug|Any CPU
		{B8521CF7-1350-4032-9268-2631AF58D271}.Debug|ARM.Build.0 = Debug|Any CPU
		{B8521CF7-1350-4032-9268-2631AF58D271}.Debug|ARM.Deploy.0 = Debug|Any CPU
		{B8521CF7-1350-4032-9268-2631AF58D271}.Debug|iPhone.ActiveCfg = Debug|Any CPU
		{B8521CF7-1350-4032-9268-2631AF58D271}.Debug|iPhone.Build.0 = Debug|Any CPU
		{B8521CF7-1350-4032-9268-2631AF58D271}.Debug|iPhone.Deploy.0 = Debug|Any CPU
		{B8521CF7-1350-4032-9268-2631AF58D271}.Debug|iPhoneSimulator.ActiveCfg = Debug|Any CPU
		{B8521CF7-1350-4032-9268-2631AF58D271}.Debug|iPhoneSimulator.Build.0 = Debug|Any CPU
		{B8521CF7-1350-4032-9268-2631AF58D271}.Debug|iPhoneSimulator.Deploy.0 = Debug|Any CPU
		{B8521CF7-1350-4032-9268-2631AF58D271}.Debug|x64.ActiveCfg = Debug|Any CPU
		{B8521CF7-1350-4032-9268-2631AF58D271}.Debug|x64.Build.0 = Debug|Any CPU
		{B8521CF7-1350-4032-9268-2631AF58D271}.Debug|x64.Deploy.0 = Debug|Any CPU
		{B8521CF7-1350-4032-9268-2631AF58D271}.Debug|x86.ActiveCfg = Debug|Any CPU
		{B8521CF7-1350-4032-9268-2631AF58D271}.Debug|x86.Build.0 = Debug|Any CPU
		{B8521CF7-1350-4032-9268-2631AF58D271}.Debug|x86.Deploy.0 = Debug|Any CPU
		{B8521CF7-1350-4032-9268-2631AF58D271}.Release|Any CPU.ActiveCfg = Release|Any CPU
		{B8521CF7-1350-4032-9268-2631AF58D271}.Release|Any CPU.Build.0 = Release|Any CPU
		{B8521CF7-1350-4032-9268-2631AF58D271}.Release|Any CPU.Deploy.0 = Release|Any CPU
		{B8521CF7-1350-4032-9268-2631AF58D271}.Release|ARM.ActiveCfg = Release|Any CPU
		{B8521CF7-1350-4032-9268-2631AF58D271}.Release|ARM.Build.0 = Release|Any CPU
		{B8521CF7-1350-4032-9268-2631AF58D271}.Release|ARM.Deploy.0 = Release|Any CPU
		{B8521CF7-1350-4032-9268-2631AF58D271}.Release|iPhone.ActiveCfg = Release|Any CPU
		{B8521CF7-1350-4032-9268-2631AF58D271}.Release|iPhone.Build.0 = Release|Any CPU
		{B8521CF7-1350-4032-9268-2631AF58D271}.Release|iPhone.Deploy.0 = Release|Any CPU
		{B8521CF7-1350-4032-9268-2631AF58D271}.Release|iPhoneSimulator.ActiveCfg = Release|Any CPU
		{B8521CF7-1350-4032-9268-2631AF58D271}.Release|iPhoneSimulator.Build.0 = Release|Any CPU
		{B8521CF7-1350-4032-9268-2631AF58D271}.Release|iPhoneSimulator.Deploy.0 = Release|Any CPU
		{B8521CF7-1350-4032-9268-2631AF58D271}.Release|x64.ActiveCfg = Release|Any CPU
		{B8521CF7-1350-4032-9268-2631AF58D271}.Release|x64.Build.0 = Release|Any CPU
		{B8521CF7-1350-4032-9268-2631AF58D271}.Release|x64.Deploy.0 = Release|Any CPU
		{B8521CF7-1350-4032-9268-2631AF58D271}.Release|x86.ActiveCfg = Release|Any CPU
		{B8521CF7-1350-4032-9268-2631AF58D271}.Release|x86.Build.0 = Release|Any CPU
		{B8521CF7-1350-4032-9268-2631AF58D271}.Release|x86.Deploy.0 = Release|Any CPU
	EndGlobalSection
	GlobalSection(SolutionProperties) = preSolution
		HideSolutionNode = FALSE
	EndGlobalSection
	GlobalSection(ExtensibilityGlobals) = postSolution
		SolutionGuid = {6B6C8F62-49B5-4801-9A8A-3EFF8B808D8F}
	EndGlobalSection
EndGlobal
